
Microsoft Visual Studio Solution File, Format Version 12.00
# Visual Studio Version 17
VisualStudioVersion = 17.10.35027.167
MinimumVisualStudioVersion = 10.0.40219.1
Project("{9A19103F-16F7-4668-BE54-9A1E7A4F7556}") = "arrowShotgun", "arrowShotgun.csproj", "{CFF14200-C368-4F4D-81F3-6C6B39C0D215}"
EndProject
Global
	GlobalSection(SolutionConfigurationPlatforms) = preSolution
		Debug|Any CPU = Debug|Any CPU
		Release|Any CPU = Release|Any CPU
	EndGlobalSection
	GlobalSection(ProjectConfigurationPlatforms) = postSolution
		{CFF14200-C368-4F4D-81F3-6C6B39C0D215}.Debug|Any CPU.ActiveCfg = Debug|Any CPU
		{CFF14200-C368-4F4D-81F3-6C6B39C0D215}.Debug|Any CPU.Build.0 = Debug|Any CPU
		{CFF14200-C368-4F4D-81F3-6C6B39C0D215}.Release|Any CPU.ActiveCfg = Release|Any CPU
		{CFF14200-C368-4F4D-81F3-6C6B39C0D215}.Release|Any CPU.Build.0 = Release|Any CPU
	EndGlobalSection
	GlobalSection(SolutionProperties) = preSolution
		HideSolutionNode = FALSE
	EndGlobalSection
	GlobalSection(ExtensibilityGlobals) = postSolution
		SolutionGuid = {3743CDC7-2DF1-4787-AB3E-346243991CA0}
	EndGlobalSection
EndGlobal
