
Microsoft Visual Studio Solution File, Format Version 12.00
# Visual Studio Version 17
VisualStudioVersion = 17.10.35027.167
MinimumVisualStudioVersion = 10.0.40219.1
Project("{9A19103F-16F7-4668-BE54-9A1E7A4F7556}") = "ImpactGrenade", "ImpactGrenade.csproj", "{FDD45B54-2935-40C0-B9CF-15EE44F1520C}"
EndProject
Global
	GlobalSection(SolutionConfigurationPlatforms) = preSolution
		Debug|Any CPU = Debug|Any CPU
		Release|Any CPU = Release|Any CPU
	EndGlobalSection
	GlobalSection(ProjectConfigurationPlatforms) = postSolution
		{FDD45B54-2935-40C0-B9CF-15EE44F1520C}.Debug|Any CPU.ActiveCfg = Debug|Any CPU
		{FDD45B54-2935-40C0-B9CF-15EE44F1520C}.Debug|Any CPU.Build.0 = Debug|Any CPU
		{FDD45B54-2935-40C0-B9CF-15EE44F1520C}.Release|Any CPU.ActiveCfg = Release|Any CPU
		{FDD45B54-2935-40C0-B9CF-15EE44F1520C}.Release|Any CPU.Build.0 = Release|Any CPU
	EndGlobalSection
	GlobalSection(SolutionProperties) = preSolution
		HideSolutionNode = FALSE
	EndGlobalSection
	GlobalSection(ExtensibilityGlobals) = postSolution
		SolutionGuid = {3B844947-A564-4D35-9D61-E1F5DC73E303}
	EndGlobalSection
EndGlobal
