
Microsoft Visual Studio Solution File, Format Version 12.00
# Visual Studio Version 17
VisualStudioVersion = 17.10.35027.167
MinimumVisualStudioVersion = 10.0.40219.1
Project("{9A19103F-16F7-4668-BE54-9A1E7A4F7556}") = "configall", "configall.csproj", "{42B9DB59-2EDF-42F3-BBCC-BB1C3A7F94DF}"
EndProject
Global
	GlobalSection(SolutionConfigurationPlatforms) = preSolution
		Debug|Any CPU = Debug|Any CPU
		Release|Any CPU = Release|Any CPU
	EndGlobalSection
	GlobalSection(ProjectConfigurationPlatforms) = postSolution
		{42B9DB59-2EDF-42F3-BBCC-BB1C3A7F94DF}.Debug|Any CPU.ActiveCfg = Debug|Any CPU
		{42B9DB59-2EDF-42F3-BBCC-BB1C3A7F94DF}.Debug|Any CPU.Build.0 = Debug|Any CPU
		{42B9DB59-2EDF-42F3-BBCC-BB1C3A7F94DF}.Release|Any CPU.ActiveCfg = Release|Any CPU
		{42B9DB59-2EDF-42F3-BBCC-BB1C3A7F94DF}.Release|Any CPU.Build.0 = Release|Any CPU
	EndGlobalSection
	GlobalSection(SolutionProperties) = preSolution
		HideSolutionNode = FALSE
	EndGlobalSection
	GlobalSection(ExtensibilityGlobals) = postSolution
		SolutionGuid = {DB1C1730-6863-4DD3-A8BF-D3728CEF8C15}
	EndGlobalSection
EndGlobal
