
Microsoft Visual Studio Solution File, Format Version 12.00
# Visual Studio Version 17
VisualStudioVersion = 17.10.35027.167
MinimumVisualStudioVersion = 10.0.40219.1
Project("{9A19103F-16F7-4668-BE54-9A1E7A4F7556}") = "deadlyTeleport", "deadlyTeleport.csproj", "{28E89DFF-7D6C-47A7-9D77-D683F47B4740}"
EndProject
Global
	GlobalSection(SolutionConfigurationPlatforms) = preSolution
		Debug|Any CPU = Debug|Any CPU
		Release|Any CPU = Release|Any CPU
	EndGlobalSection
	GlobalSection(ProjectConfigurationPlatforms) = postSolution
		{28E89DFF-7D6C-47A7-9D77-D683F47B4740}.Debug|Any CPU.ActiveCfg = Debug|Any CPU
		{28E89DFF-7D6C-47A7-9D77-D683F47B4740}.Debug|Any CPU.Build.0 = Debug|Any CPU
		{28E89DFF-7D6C-47A7-9D77-D683F47B4740}.Release|Any CPU.ActiveCfg = Release|Any CPU
		{28E89DFF-7D6C-47A7-9D77-D683F47B4740}.Release|Any CPU.Build.0 = Release|Any CPU
	EndGlobalSection
	GlobalSection(SolutionProperties) = preSolution
		HideSolutionNode = FALSE
	EndGlobalSection
	GlobalSection(ExtensibilityGlobals) = postSolution
		SolutionGuid = {7233C34B-6D85-4B5D-B8F8-3E17AC0D6CC8}
	EndGlobalSection
EndGlobal
