
Microsoft Visual Studio Solution File, Format Version 12.00
# Visual Studio Version 17
VisualStudioVersion = 17.10.35027.167
MinimumVisualStudioVersion = 10.0.40219.1
Project("{9A19103F-16F7-4668-BE54-9A1E7A4F7556}") = "stickyNade", "stickyNade.csproj", "{7193EB5C-45E7-4C13-BFB5-7CC6B16AC2E8}"
EndProject
Global
	GlobalSection(SolutionConfigurationPlatforms) = preSolution
		Debug|Any CPU = Debug|Any CPU
		Release|Any CPU = Release|Any CPU
	EndGlobalSection
	GlobalSection(ProjectConfigurationPlatforms) = postSolution
		{7193EB5C-45E7-4C13-BFB5-7CC6B16AC2E8}.Debug|Any CPU.ActiveCfg = Debug|Any CPU
		{7193EB5C-45E7-4C13-BFB5-7CC6B16AC2E8}.Debug|Any CPU.Build.0 = Debug|Any CPU
		{7193EB5C-45E7-4C13-BFB5-7CC6B16AC2E8}.Release|Any CPU.ActiveCfg = Release|Any CPU
		{7193EB5C-45E7-4C13-BFB5-7CC6B16AC2E8}.Release|Any CPU.Build.0 = Release|Any CPU
	EndGlobalSection
	GlobalSection(SolutionProperties) = preSolution
		HideSolutionNode = FALSE
	EndGlobalSection
	GlobalSection(ExtensibilityGlobals) = postSolution
		SolutionGuid = {0064D8C4-F3A2-4C42-90DD-5B3F9AF973D7}
	EndGlobalSection
EndGlobal
